// !$*UTF8*$!
{
	archiveVersion = 1;
	classes = {
	};
	objectVersion = 55;
	objects = {

/* Begin PBXBuildFile section */
		947EB78528ACC1EE003D5B25 /* CardElement.swift in Sources */ = {isa = PBXBuildFile; fileRef = 947EB78428ACC1EE003D5B25 /* CardElement.swift */; };
		947EB78728ACC206003D5B25 /* Card.swift in Sources */ = {isa = PBXBuildFile; fileRef = 947EB78628ACC206003D5B25 /* Card.swift */; };
		947EB78928ACC21C003D5B25 /* CardStore.swift in Sources */ = {isa = PBXBuildFile; fileRef = 947EB78828ACC21C003D5B25 /* CardStore.swift */; };
		947EB78B28ACC37D003D5B25 /* PreviewData.swift in Sources */ = {isa = PBXBuildFile; fileRef = 947EB78A28ACC37D003D5B25 /* PreviewData.swift */; };
		947EB78D28ACC433003D5B25 /* TextExtensions.swift in Sources */ = {isa = PBXBuildFile; fileRef = 947EB78C28ACC433003D5B25 /* TextExtensions.swift */; };
		94B076C928AA3C9A0033D3B7 /* CardsApp.swift in Sources */ = {isa = PBXBuildFile; fileRef = 94B076C828AA3C9A0033D3B7 /* CardsApp.swift */; };
		94B076CB28AA3C9A0033D3B7 /* ContentView.swift in Sources */ = {isa = PBXBuildFile; fileRef = 94B076CA28AA3C9A0033D3B7 /* ContentView.swift */; };
		94B076CD28AA3C9B0033D3B7 /* Assets.xcassets in Resources */ = {isa = PBXBuildFile; fileRef = 94B076CC28AA3C9B0033D3B7 /* Assets.xcassets */; };
		94B076D028AA3C9B0033D3B7 /* Preview Assets.xcassets in Resources */ = {isa = PBXBuildFile; fileRef = 94B076CF28AA3C9B0033D3B7 /* Preview Assets.xcassets */; };
		94B076D728AA3E3F0033D3B7 /* CardThumbnailView.swift in Sources */ = {isa = PBXBuildFile; fileRef = 94B076D628AA3E3F0033D3B7 /* CardThumbnailView.swift */; };
		94B076D928AA3EB90033D3B7 /* CardsListView.swift in Sources */ = {isa = PBXBuildFile; fileRef = 94B076D828AA3EB90033D3B7 /* CardsListView.swift */; };
		94B076DB28AA3EF50033D3B7 /* SingleCardView.swift in Sources */ = {isa = PBXBuildFile; fileRef = 94B076DA28AA3EF50033D3B7 /* SingleCardView.swift */; };
		94B076DD28AA3F390033D3B7 /* ViewState.swift in Sources */ = {isa = PBXBuildFile; fileRef = 94B076DC28AA3F390033D3B7 /* ViewState.swift */; };
		94B076DF28AA3FBA0033D3B7 /* CardsView.swift in Sources */ = {isa = PBXBuildFile; fileRef = 94B076DE28AA3FBA0033D3B7 /* CardsView.swift */; };
		94B076E128AA444E0033D3B7 /* CardDetailView.swift in Sources */ = {isa = PBXBuildFile; fileRef = 94B076E028AA444E0033D3B7 /* CardDetailView.swift */; };
		94B076E328AA44F10033D3B7 /* CardModal.swift in Sources */ = {isa = PBXBuildFile; fileRef = 94B076E228AA44F10033D3B7 /* CardModal.swift */; };
		94B076E528AA44FF0033D3B7 /* CardBottomToolbar.swift in Sources */ = {isa = PBXBuildFile; fileRef = 94B076E428AA44FF0033D3B7 /* CardBottomToolbar.swift */; };
		94B076EA28AA4DB50033D3B7 /* ResizableView.swift in Sources */ = {isa = PBXBuildFile; fileRef = 94B076E928AA4DB50033D3B7 /* ResizableView.swift */; };
		94B076EC28AA4DFE0033D3B7 /* Transform.swift in Sources */ = {isa = PBXBuildFile; fileRef = 94B076EB28AA4DFE0033D3B7 /* Transform.swift */; };
		94B076EE28AA502D0033D3B7 /* Operators.swift in Sources */ = {isa = PBXBuildFile; fileRef = 94B076ED28AA502D0033D3B7 /* Operators.swift */; };
		94B076F128AA599C0033D3B7 /* ViewExtensions.swift in Sources */ = {isa = PBXBuildFile; fileRef = 94B076F028AA599C0033D3B7 /* ViewExtensions.swift */; };
		94B076F428AA5ACA0033D3B7 /* Settings.swift in Sources */ = {isa = PBXBuildFile; fileRef = 94B076F328AA5ACA0033D3B7 /* Settings.swift */; };
		94B076F628AA5B3F0033D3B7 /* ColorExtensions.swift in Sources */ = {isa = PBXBuildFile; fileRef = 94B076F528AA5B3F0033D3B7 /* ColorExtensions.swift */; };
		94B076F828AA5BA30033D3B7 /* CardToolbar.swift in Sources */ = {isa = PBXBuildFile; fileRef = 94B076F728AA5BA30033D3B7 /* CardToolbar.swift */; };
		94D4883228ACCB8800D410D5 /* CardElementView.swift in Sources */ = {isa = PBXBuildFile; fileRef = 94D4883128ACCB8800D410D5 /* CardElementView.swift */; };
/* End PBXBuildFile section */

/* Begin PBXFileReference section */
		947EB78428ACC1EE003D5B25 /* CardElement.swift */ = {isa = PBXFileReference; lastKnownFileType = sourcecode.swift; path = CardElement.swift; sourceTree = "<group>"; };
		947EB78628ACC206003D5B25 /* Card.swift */ = {isa = PBXFileReference; lastKnownFileType = sourcecode.swift; path = Card.swift; sourceTree = "<group>"; };
		947EB78828ACC21C003D5B25 /* CardStore.swift */ = {isa = PBXFileReference; lastKnownFileType = sourcecode.swift; path = CardStore.swift; sourceTree = "<group>"; };
		947EB78A28ACC37D003D5B25 /* PreviewData.swift */ = {isa = PBXFileReference; lastKnownFileType = sourcecode.swift; path = PreviewData.swift; sourceTree = "<group>"; };
		947EB78C28ACC433003D5B25 /* TextExtensions.swift */ = {isa = PBXFileReference; lastKnownFileType = sourcecode.swift; path = TextExtensions.swift; sourceTree = "<group>"; };
		94B076C528AA3C9A0033D3B7 /* Cards.app */ = {isa = PBXFileReference; explicitFileType = wrapper.application; includeInIndex = 0; path = Cards.app; sourceTree = BUILT_PRODUCTS_DIR; };
		94B076C828AA3C9A0033D3B7 /* CardsApp.swift */ = {isa = PBXFileReference; lastKnownFileType = sourcecode.swift; path = CardsApp.swift; sourceTree = "<group>"; };
		94B076CA28AA3C9A0033D3B7 /* ContentView.swift */ = {isa = PBXFileReference; lastKnownFileType = sourcecode.swift; path = ContentView.swift; sourceTree = "<group>"; };
		94B076CC28AA3C9B0033D3B7 /* Assets.xcassets */ = {isa = PBXFileReference; lastKnownFileType = folder.assetcatalog; path = Assets.xcassets; sourceTree = "<group>"; };
		94B076CF28AA3C9B0033D3B7 /* Preview Assets.xcassets */ = {isa = PBXFileReference; lastKnownFileType = folder.assetcatalog; path = "Preview Assets.xcassets"; sourceTree = "<group>"; };
		94B076D628AA3E3F0033D3B7 /* CardThumbnailView.swift */ = {isa = PBXFileReference; lastKnownFileType = sourcecode.swift; path = CardThumbnailView.swift; sourceTree = "<group>"; };
		94B076D828AA3EB90033D3B7 /* CardsListView.swift */ = {isa = PBXFileReference; lastKnownFileType = sourcecode.swift; path = CardsListView.swift; sourceTree = "<group>"; };
		94B076DA28AA3EF50033D3B7 /* SingleCardView.swift */ = {isa = PBXFileReference; lastKnownFileType = sourcecode.swift; path = SingleCardView.swift; sourceTree = "<group>"; };
		94B076DC28AA3F390033D3B7 /* ViewState.swift */ = {isa = PBXFileReference; lastKnownFileType = sourcecode.swift; path = ViewState.swift; sourceTree = "<group>"; };
		94B076DE28AA3FBA0033D3B7 /* CardsView.swift */ = {isa = PBXFileReference; lastKnownFileType = sourcecode.swift; path = CardsView.swift; sourceTree = "<group>"; };
		94B076E028AA444E0033D3B7 /* CardDetailView.swift */ = {isa = PBXFileReference; lastKnownFileType = sourcecode.swift; path = CardDetailView.swift; sourceTree = "<group>"; };
		94B076E228AA44F10033D3B7 /* CardModal.swift */ = {isa = PBXFileReference; lastKnownFileType = sourcecode.swift; path = CardModal.swift; sourceTree = "<group>"; };
		94B076E428AA44FF0033D3B7 /* CardBottomToolbar.swift */ = {isa = PBXFileReference; lastKnownFileType = sourcecode.swift; path = CardBottomToolbar.swift; sourceTree = "<group>"; };
		94B076E928AA4DB50033D3B7 /* ResizableView.swift */ = {isa = PBXFileReference; lastKnownFileType = sourcecode.swift; path = ResizableView.swift; sourceTree = "<group>"; };
		94B076EB28AA4DFE0033D3B7 /* Transform.swift */ = {isa = PBXFileReference; lastKnownFileType = sourcecode.swift; path = Transform.swift; sourceTree = "<group>"; };
		94B076ED28AA502D0033D3B7 /* Operators.swift */ = {isa = PBXFileReference; lastKnownFileType = sourcecode.swift; path = Operators.swift; sourceTree = "<group>"; };
		94B076F028AA599C0033D3B7 /* ViewExtensions.swift */ = {isa = PBXFileReference; lastKnownFileType = sourcecode.swift; path = ViewExtensions.swift; sourceTree = "<group>"; };
		94B076F328AA5ACA0033D3B7 /* Settings.swift */ = {isa = PBXFileReference; lastKnownFileType = sourcecode.swift; path = Settings.swift; sourceTree = "<group>"; };
		94B076F528AA5B3F0033D3B7 /* ColorExtensions.swift */ = {isa = PBXFileReference; lastKnownFileType = sourcecode.swift; path = ColorExtensions.swift; sourceTree = "<group>"; };
		94B076F728AA5BA30033D3B7 /* CardToolbar.swift */ = {isa = PBXFileReference; lastKnownFileType = sourcecode.swift; path = CardToolbar.swift; sourceTree = "<group>"; };
		94D4883128ACCB8800D410D5 /* CardElementView.swift */ = {isa = PBXFileReference; lastKnownFileType = sourcecode.swift; path = CardElementView.swift; sourceTree = "<group>"; };
/* End PBXFileReference section */

/* Begin PBXFrameworksBuildPhase section */
		94B076C228AA3C9A0033D3B7 /* Frameworks */ = {
			isa = PBXFrameworksBuildPhase;
			buildActionMask = 2147483647;
			files = (
			);
			runOnlyForDeploymentPostprocessing = 0;
		};
/* End PBXFrameworksBuildPhase section */

/* Begin PBXGroup section */
		94B076BC28AA3C9A0033D3B7 = {
			isa = PBXGroup;
			children = (
				94B076C728AA3C9A0033D3B7 /* Cards */,
				94B076C628AA3C9A0033D3B7 /* Products */,
			);
			sourceTree = "<group>";
		};
		94B076C628AA3C9A0033D3B7 /* Products */ = {
			isa = PBXGroup;
			children = (
				94B076C528AA3C9A0033D3B7 /* Cards.app */,
			);
			name = Products;
			sourceTree = "<group>";
		};
		94B076C728AA3C9A0033D3B7 /* Cards */ = {
			isa = PBXGroup;
			children = (
				94B076F228AA5ABE0033D3B7 /* Config */,
				94B076EF28AA59920033D3B7 /* Extensions */,
				94B076C828AA3C9A0033D3B7 /* CardsApp.swift */,
				94B076E628AA46D20033D3B7 /* Views */,
				94B076E828AA471D0033D3B7 /* Model */,
				94B076CC28AA3C9B0033D3B7 /* Assets.xcassets */,
				94B076CE28AA3C9B0033D3B7 /* Preview Content */,
			);
			path = Cards;
			sourceTree = "<group>";
		};
		94B076CE28AA3C9B0033D3B7 /* Preview Content */ = {
			isa = PBXGroup;
			children = (
				94B076CF28AA3C9B0033D3B7 /* Preview Assets.xcassets */,
				947EB78A28ACC37D003D5B25 /* PreviewData.swift */,
			);
			path = "Preview Content";
			sourceTree = "<group>";
		};
		94B076E628AA46D20033D3B7 /* Views */ = {
			isa = PBXGroup;
			children = (
				94B076E728AA46EC0033D3B7 /* Single Card Views */,
				94B076CA28AA3C9A0033D3B7 /* ContentView.swift */,
				94B076D628AA3E3F0033D3B7 /* CardThumbnailView.swift */,
				94B076D828AA3EB90033D3B7 /* CardsListView.swift */,
				94B076DE28AA3FBA0033D3B7 /* CardsView.swift */,
				94B076E928AA4DB50033D3B7 /* ResizableView.swift */,
				94B076F728AA5BA30033D3B7 /* CardToolbar.swift */,
			);
			path = Views;
			sourceTree = "<group>";
		};
		94B076E728AA46EC0033D3B7 /* Single Card Views */ = {
			isa = PBXGroup;
			children = (
				94B076E028AA444E0033D3B7 /* CardDetailView.swift */,
				94D4883128ACCB8800D410D5 /* CardElementView.swift */,
				94B076DA28AA3EF50033D3B7 /* SingleCardView.swift */,
				94B076E428AA44FF0033D3B7 /* CardBottomToolbar.swift */,
			);
			path = "Single Card Views";
			sourceTree = "<group>";
		};
		94B076E828AA471D0033D3B7 /* Model */ = {
			isa = PBXGroup;
			children = (
				94B076E228AA44F10033D3B7 /* CardModal.swift */,
				94B076DC28AA3F390033D3B7 /* ViewState.swift */,
				94B076EB28AA4DFE0033D3B7 /* Transform.swift */,
				947EB78428ACC1EE003D5B25 /* CardElement.swift */,
				947EB78628ACC206003D5B25 /* Card.swift */,
				947EB78828ACC21C003D5B25 /* CardStore.swift */,
			);
			path = Model;
			sourceTree = "<group>";
		};
		94B076EF28AA59920033D3B7 /* Extensions */ = {
			isa = PBXGroup;
			children = (
				94B076F028AA599C0033D3B7 /* ViewExtensions.swift */,
				94B076F528AA5B3F0033D3B7 /* ColorExtensions.swift */,
				947EB78C28ACC433003D5B25 /* TextExtensions.swift */,
			);
			path = Extensions;
			sourceTree = "<group>";
		};
		94B076F228AA5ABE0033D3B7 /* Config */ = {
			isa = PBXGroup;
			children = (
				94B076ED28AA502D0033D3B7 /* Operators.swift */,
				94B076F328AA5ACA0033D3B7 /* Settings.swift */,
			);
			path = Config;
			sourceTree = "<group>";
		};
/* End PBXGroup section */

/* Begin PBXNativeTarget section */
		94B076C428AA3C9A0033D3B7 /* Cards */ = {
			isa = PBXNativeTarget;
			buildConfigurationList = 94B076D328AA3C9B0033D3B7 /* Build configuration list for PBXNativeTarget "Cards" */;
			buildPhases = (
				94B076C128AA3C9A0033D3B7 /* Sources */,
				94B076C228AA3C9A0033D3B7 /* Frameworks */,
				94B076C328AA3C9A0033D3B7 /* Resources */,
			);
			buildRules = (
			);
			dependencies = (
			);
			name = Cards;
			productName = Cards;
			productReference = 94B076C528AA3C9A0033D3B7 /* Cards.app */;
			productType = "com.apple.product-type.application";
		};
/* End PBXNativeTarget section */

/* Begin PBXProject section */
		94B076BD28AA3C9A0033D3B7 /* Project object */ = {
			isa = PBXProject;
			attributes = {
				BuildIndependentTargetsInParallel = 1;
				LastSwiftUpdateCheck = 1340;
				LastUpgradeCheck = 1340;
				TargetAttributes = {
					94B076C428AA3C9A0033D3B7 = {
						CreatedOnToolsVersion = 13.4;
					};
				};
			};
			buildConfigurationList = 94B076C028AA3C9A0033D3B7 /* Build configuration list for PBXProject "Cards" */;
			compatibilityVersion = "Xcode 13.0";
			developmentRegion = en;
			hasScannedForEncodings = 0;
			knownRegions = (
				en,
				Base,
			);
			mainGroup = 94B076BC28AA3C9A0033D3B7;
			productRefGroup = 94B076C628AA3C9A0033D3B7 /* Products */;
			projectDirPath = "";
			projectRoot = "";
			targets = (
				94B076C428AA3C9A0033D3B7 /* Cards */,
			);
		};
/* End PBXProject section */

/* Begin PBXResourcesBuildPhase section */
		94B076C328AA3C9A0033D3B7 /* Resources */ = {
			isa = PBXResourcesBuildPhase;
			buildActionMask = 2147483647;
			files = (
				94B076D028AA3C9B0033D3B7 /* Preview Assets.xcassets in Resources */,
				94B076CD28AA3C9B0033D3B7 /* Assets.xcassets in Resources */,
			);
			runOnlyForDeploymentPostprocessing = 0;
		};
/* End PBXResourcesBuildPhase section */

/* Begin PBXSourcesBuildPhase section */
		94B076C128AA3C9A0033D3B7 /* Sources */ = {
			isa = PBXSourcesBuildPhase;
			buildActionMask = 2147483647;
			files = (
				94B076F828AA5BA30033D3B7 /* CardToolbar.swift in Sources */,
				947EB78928ACC21C003D5B25 /* CardStore.swift in Sources */,
				94B076DF28AA3FBA0033D3B7 /* CardsView.swift in Sources */,
				947EB78728ACC206003D5B25 /* Card.swift in Sources */,
				94B076CB28AA3C9A0033D3B7 /* ContentView.swift in Sources */,
				94B076D728AA3E3F0033D3B7 /* CardThumbnailView.swift in Sources */,
				94B076DD28AA3F390033D3B7 /* ViewState.swift in Sources */,
				94B076D928AA3EB90033D3B7 /* CardsListView.swift in Sources */,
				947EB78528ACC1EE003D5B25 /* CardElement.swift in Sources */,
				947EB78D28ACC433003D5B25 /* TextExtensions.swift in Sources */,
				94B076DB28AA3EF50033D3B7 /* SingleCardView.swift in Sources */,
				94B076E528AA44FF0033D3B7 /* CardBottomToolbar.swift in Sources */,
				947EB78B28ACC37D003D5B25 /* PreviewData.swift in Sources */,
				94B076EA28AA4DB50033D3B7 /* ResizableView.swift in Sources */,
				94B076F128AA599C0033D3B7 /* ViewExtensions.swift in Sources */,
				94B076F428AA5ACA0033D3B7 /* Settings.swift in Sources */,
				94B076C928AA3C9A0033D3B7 /* CardsApp.swift in Sources */,
				94D4883228ACCB8800D410D5 /* CardElementView.swift in Sources */,
				94B076EE28AA502D0033D3B7 /* Operators.swift in Sources */,
				94B076E328AA44F10033D3B7 /* CardModal.swift in Sources */,
				94B076EC28AA4DFE0033D3B7 /* Transform.swift in Sources */,
				94B076E128AA444E0033D3B7 /* CardDetailView.swift in Sources */,
				94B076F628AA5B3F0033D3B7 /* ColorExtensions.swift in Sources */,
			);
			runOnlyForDeploymentPostprocessing = 0;
		};
/* End PBXSourcesBuildPhase section */

/* Begin XCBuildConfiguration section */
		94B076D128AA3C9B0033D3B7 /* Debug */ = {
			isa = XCBuildConfiguration;
			buildSettings = {
				ALWAYS_SEARCH_USER_PATHS = NO;
				CLANG_ANALYZER_NONNULL = YES;
				CLANG_ANALYZER_NUMBER_OBJECT_CONVERSION = YES_AGGRESSIVE;
				CLANG_CXX_LANGUAGE_STANDARD = "gnu++17";
				CLANG_ENABLE_MODULES = YES;
				CLANG_ENABLE_OBJC_ARC = YES;
				CLANG_ENABLE_OBJC_WEAK = YES;
				CLANG_WARN_BLOCK_CAPTURE_AUTORELEASING = YES;
				CLANG_WARN_BOOL_CONVERSION = YES;
				CLANG_WARN_COMMA = YES;
				CLANG_WARN_CONSTANT_CONVERSION = YES;
				CLANG_WARN_DEPRECATED_OBJC_IMPLEMENTATIONS = YES;
				CLANG_WARN_DIRECT_OBJC_ISA_USAGE = YES_ERROR;
				CLANG_WARN_DOCUMENTATION_COMMENTS = YES;
				CLANG_WARN_EMPTY_BODY = YES;
				CLANG_WARN_ENUM_CONVERSION = YES;
				CLANG_WARN_INFINITE_RECURSION = YES;
				CLANG_WARN_INT_CONVERSION = YES;
				CLANG_WARN_NON_LITERAL_NULL_CONVERSION = YES;
				CLANG_WARN_OBJC_IMPLICIT_RETAIN_SELF = YES;
				CLANG_WARN_OBJC_LITERAL_CONVERSION = YES;
				CLANG_WARN_OBJC_ROOT_CLASS = YES_ERROR;
				CLANG_WARN_QUOTED_INCLUDE_IN_FRAMEWORK_HEADER = YES;
				CLANG_WARN_RANGE_LOOP_ANALYSIS = YES;
				CLANG_WARN_STRICT_PROTOTYPES = YES;
				CLANG_WARN_SUSPICIOUS_MOVE = YES;
				CLANG_WARN_UNGUARDED_AVAILABILITY = YES_AGGRESSIVE;
				CLANG_WARN_UNREACHABLE_CODE = YES;
				CLANG_WARN__DUPLICATE_METHOD_MATCH = YES;
				COPY_PHASE_STRIP = NO;
				DEBUG_INFORMATION_FORMAT = dwarf;
				ENABLE_STRICT_OBJC_MSGSEND = YES;
				ENABLE_TESTABILITY = YES;
				GCC_C_LANGUAGE_STANDARD = gnu11;
				GCC_DYNAMIC_NO_PIC = NO;
				GCC_NO_COMMON_BLOCKS = YES;
				GCC_OPTIMIZATION_LEVEL = 0;
				GCC_PREPROCESSOR_DEFINITIONS = (
					"DEBUG=1",
					"$(inherited)",
				);
				GCC_WARN_64_TO_32_BIT_CONVERSION = YES;
				GCC_WARN_ABOUT_RETURN_TYPE = YES_ERROR;
				GCC_WARN_UNDECLARED_SELECTOR = YES;
				GCC_WARN_UNINITIALIZED_AUTOS = YES_AGGRESSIVE;
				GCC_WARN_UNUSED_FUNCTION = YES;
				GCC_WARN_UNUSED_VARIABLE = YES;
				IPHONEOS_DEPLOYMENT_TARGET = 15.5;
				MTL_ENABLE_DEBUG_INFO = INCLUDE_SOURCE;
				MTL_FAST_MATH = YES;
				ONLY_ACTIVE_ARCH = YES;
				SDKROOT = iphoneos;
				SWIFT_ACTIVE_COMPILATION_CONDITIONS = DEBUG;
				SWIFT_OPTIMIZATION_LEVEL = "-Onone";
			};
			name = Debug;
		};
		94B076D228AA3C9B0033D3B7 /* Release */ = {
			isa = XCBuildConfiguration;
			buildSettings = {
				ALWAYS_SEARCH_USER_PATHS = NO;
				CLANG_ANALYZER_NONNULL = YES;
				CLANG_ANALYZER_NUMBER_OBJECT_CONVERSION = YES_AGGRESSIVE;
				CLANG_CXX_LANGUAGE_STANDARD = "gnu++17";
				CLANG_ENABLE_MODULES = YES;
				CLANG_ENABLE_OBJC_ARC = YES;
				CLANG_ENABLE_OBJC_WEAK = YES;
				CLANG_WARN_BLOCK_CAPTURE_AUTORELEASING = YES;
				CLANG_WARN_BOOL_CONVERSION = YES;
				CLANG_WARN_COMMA = YES;
				CLANG_WARN_CONSTANT_CONVERSION = YES;
				CLANG_WARN_DEPRECATED_OBJC_IMPLEMENTATIONS = YES;
				CLANG_WARN_DIRECT_OBJC_ISA_USAGE = YES_ERROR;
				CLANG_WARN_DOCUMENTATION_COMMENTS = YES;
				CLANG_WARN_EMPTY_BODY = YES;
				CLANG_WARN_ENUM_CONVERSION = YES;
				CLANG_WARN_INFINITE_RECURSION = YES;
				CLANG_WARN_INT_CONVERSION = YES;
				CLANG_WARN_NON_LITERAL_NULL_CONVERSION = YES;
				CLANG_WARN_OBJC_IMPLICIT_RETAIN_SELF = YES;
				CLANG_WARN_OBJC_LITERAL_CONVERSION = YES;
				CLANG_WARN_OBJC_ROOT_CLASS = YES_ERROR;
				CLANG_WARN_QUOTED_INCLUDE_IN_FRAMEWORK_HEADER = YES;
				CLANG_WARN_RANGE_LOOP_ANALYSIS = YES;
				CLANG_WARN_STRICT_PROTOTYPES = YES;
				CLANG_WARN_SUSPICIOUS_MOVE = YES;
				CLANG_WARN_UNGUARDED_AVAILABILITY = YES_AGGRESSIVE;
				CLANG_WARN_UNREACHABLE_CODE = YES;
				CLANG_WARN__DUPLICATE_METHOD_MATCH = YES;
				COPY_PHASE_STRIP = NO;
				DEBUG_INFORMATION_FORMAT = "dwarf-with-dsym";
				ENABLE_NS_ASSERTIONS = NO;
				ENABLE_STRICT_OBJC_MSGSEND = YES;
				GCC_C_LANGUAGE_STANDARD = gnu11;
				GCC_NO_COMMON_BLOCKS = YES;
				GCC_WARN_64_TO_32_BIT_CONVERSION = YES;
				GCC_WARN_ABOUT_RETURN_TYPE = YES_ERROR;
				GCC_WARN_UNDECLARED_SELECTOR = YES;
				GCC_WARN_UNINITIALIZED_AUTOS = YES_AGGRESSIVE;
				GCC_WARN_UNUSED_FUNCTION = YES;
				GCC_WARN_UNUSED_VARIABLE = YES;
				IPHONEOS_DEPLOYMENT_TARGET = 15.5;
				MTL_ENABLE_DEBUG_INFO = NO;
				MTL_FAST_MATH = YES;
				SDKROOT = iphoneos;
				SWIFT_COMPILATION_MODE = wholemodule;
				SWIFT_OPTIMIZATION_LEVEL = "-O";
				VALIDATE_PRODUCT = YES;
			};
			name = Release;
		};
		94B076D428AA3C9B0033D3B7 /* Debug */ = {
			isa = XCBuildConfiguration;
			buildSettings = {
				ASSETCATALOG_COMPILER_APPICON_NAME = AppIcon;
				ASSETCATALOG_COMPILER_GLOBAL_ACCENT_COLOR_NAME = AccentColor;
				CODE_SIGN_STYLE = Automatic;
				CURRENT_PROJECT_VERSION = 1;
				DEVELOPMENT_ASSET_PATHS = "\"Cards/Preview Content\"";
				DEVELOPMENT_TEAM = ST823QU25Q;
				ENABLE_PREVIEWS = YES;
				GENERATE_INFOPLIST_FILE = YES;
				INFOPLIST_KEY_UIApplicationSceneManifest_Generation = YES;
				INFOPLIST_KEY_UIApplicationSupportsIndirectInputEvents = YES;
				INFOPLIST_KEY_UILaunchScreen_Generation = YES;
				INFOPLIST_KEY_UISupportedInterfaceOrientations_iPad = "UIInterfaceOrientationPortrait UIInterfaceOrientationPortraitUpsideDown UIInterfaceOrientationLandscapeLeft UIInterfaceOrientationLandscapeRight";
				INFOPLIST_KEY_UISupportedInterfaceOrientations_iPhone = "UIInterfaceOrientationPortrait UIInterfaceOrientationLandscapeLeft UIInterfaceOrientationLandscapeRight";
				LD_RUNPATH_SEARCH_PATHS = (
					"$(inherited)",
					"@executable_path/Frameworks",
				);
				MARKETING_VERSION = 1.0;
				PRODUCT_BUNDLE_IDENTIFIER = com.akulahere.Cards;
				PRODUCT_NAME = "$(TARGET_NAME)";
				SWIFT_EMIT_LOC_STRINGS = YES;
				SWIFT_VERSION = 5.0;
				TARGETED_DEVICE_FAMILY = "1,2";
			};
			name = Debug;
		};
		94B076D528AA3C9B0033D3B7 /* Release */ = {
			isa = XCBuildConfiguration;
			buildSettings = {
				ASSETCATALOG_COMPILER_APPICON_NAME = AppIcon;
				ASSETCATALOG_COMPILER_GLOBAL_ACCENT_COLOR_NAME = AccentColor;
				CODE_SIGN_STYLE = Automatic;
				CURRENT_PROJECT_VERSION = 1;
				DEVELOPMENT_ASSET_PATHS = "\"Cards/Preview Content\"";
				DEVELOPMENT_TEAM = ST823QU25Q;
				ENABLE_PREVIEWS = YES;
				GENERATE_INFOPLIST_FILE = YES;
				INFOPLIST_KEY_UIApplicationSceneManifest_Generation = YES;
				INFOPLIST_KEY_UIApplicationSupportsIndirectInputEvents = YES;
				INFOPLIST_KEY_UILaunchScreen_Generation = YES;
				INFOPLIST_KEY_UISupportedInterfaceOrientations_iPad = "UIInterfaceOrientationPortrait UIInterfaceOrientationPortraitUpsideDown UIInterfaceOrientationLandscapeLeft UIInterfaceOrientationLandscapeRight";
				INFOPLIST_KEY_UISupportedInterfaceOrientations_iPhone = "UIInterfaceOrientationPortrait UIInterfaceOrientationLandscapeLeft UIInterfaceOrientationLandscapeRight";
				LD_RUNPATH_SEARCH_PATHS = (
					"$(inherited)",
					"@executable_path/Frameworks",
				);
				MARKETING_VERSION = 1.0;
				PRODUCT_BUNDLE_IDENTIFIER = com.akulahere.Cards;
				PRODUCT_NAME = "$(TARGET_NAME)";
				SWIFT_EMIT_LOC_STRINGS = YES;
				SWIFT_VERSION = 5.0;
				TARGETED_DEVICE_FAMILY = "1,2";
			};
			name = Release;
		};
/* End XCBuildConfiguration section */

/* Begin XCConfigurationList section */
		94B076C028AA3C9A0033D3B7 /* Build configuration list for PBXProject "Cards" */ = {
			isa = XCConfigurationList;
			buildConfigurations = (
				94B076D128AA3C9B0033D3B7 /* Debug */,
				94B076D228AA3C9B0033D3B7 /* Release */,
			);
			defaultConfigurationIsVisible = 0;
			defaultConfigurationName = Release;
		};
		94B076D328AA3C9B0033D3B7 /* Build configuration list for PBXNativeTarget "Cards" */ = {
			isa = XCConfigurationList;
			buildConfigurations = (
				94B076D428AA3C9B0033D3B7 /* Debug */,
				94B076D528AA3C9B0033D3B7 /* Release */,
			);
			defaultConfigurationIsVisible = 0;
			defaultConfigurationName = Release;
		};
/* End XCConfigurationList section */
	};
	rootObject = 94B076BD28AA3C9A0033D3B7 /* Project object */;
}
